<?xml version="1.0" encoding="utf-8"?>
<Project ToolsVersion="4.0" xmlns="http://schemas.microsoft.com/developer/msbuild/2003">
    <ItemGroup>
        <Filter Include="Source Files">
            <UniqueIdentifier>{d082b583-0b9c-49fe-9cd4-ca5c5fa0f642}</UniqueIdentifier>
        </Filter>
        <Filter Include="Header Files">
            <UniqueIdentifier>{df160e65-f315-4d30-865d-c4610db297ab}</UniqueIdentifier>
        </Filter>
        <Filter Include="Resource Files">
            <UniqueIdentifier>{77fc4c54-9f68-45d7-8388-4783d46dd318}</UniqueIdentifier>
        </Filter>
        <Filter Include="Header Files">
            <UniqueIdentifier>{96d3fc70-e934-4a14-b1f2-fae13e7288ab}</UniqueIdentifier>
        </Filter>
        <Filter Include="Header Files\.vs">
            <UniqueIdentifier>{1b3bffd9-ad19-4405-933f-199d1a60cc83}</UniqueIdentifier>
        </Filter>
        <Filter Include="Header Files\.vs\YourOwnProjectName">
            <UniqueIdentifier>{48d30bb0-4bb7-41cb-8d0c-f2d5fad566c0}</UniqueIdentifier>
        </Filter>
        <Filter Include="Header Files\.vs\YourOwnProjectName\v14">
            <UniqueIdentifier>{473d2913-29af-4586-a8fa-69abb6755382}</UniqueIdentifier>
        </Filter>
        <Filter Include="Header Files\bin">
            <UniqueIdentifier>{a2173523-2f9e-4556-94aa-753de7dd42e9}</UniqueIdentifier>
        </Filter>
        <Filter Include="Header Files\Control.Applicative">
            <UniqueIdentifier>{c90360ff-4a27-4b5b-a1b9-a0ad6daf1915}</UniqueIdentifier>
        </Filter>
        <Filter Include="Header Files\Control.Apply">
            <UniqueIdentifier>{8fa0b1c9-e9e8-45b6-85cb-8b19ea896e25}</UniqueIdentifier>
        </Filter>
        <Filter Include="Header Files\Control.Bind">
            <UniqueIdentifier>{ad8d80a0-8384-4685-9a7d-67a3450d0e3b}</UniqueIdentifier>
        </Filter>
        <Filter Include="Header Files\Control.Category">
            <UniqueIdentifier>{3e6cfaa4-0f98-43ea-9d70-7d6927d97976}</UniqueIdentifier>
        </Filter>
        <Filter Include="Header Files\Control.Monad">
            <UniqueIdentifier>{41dca0f5-8ac5-4803-b044-a78d818e63f6}</UniqueIdentifier>
        </Filter>
        <Filter Include="Header Files\Control.Monad.Eff">
            <UniqueIdentifier>{1b7dc8b3-75ab-40f1-9899-d52d04cd35db}</UniqueIdentifier>
        </Filter>
        <Filter Include="Header Files\Control.Monad.Eff.Class">
            <UniqueIdentifier>{12ef1aff-54ea-40d5-8010-896ba8348b44}</UniqueIdentifier>
        </Filter>
        <Filter Include="Header Files\Control.Monad.Eff.Console">
            <UniqueIdentifier>{d3d014f7-3122-4dcd-b447-5b662665b453}</UniqueIdentifier>
        </Filter>
        <Filter Include="Header Files\Control.Monad.Eff.Unsafe">
            <UniqueIdentifier>{edc487bb-16f3-41fa-a6df-763d7dfe3527}</UniqueIdentifier>
        </Filter>
        <Filter Include="Header Files\Control.Semigroupoid">
            <UniqueIdentifier>{5469186e-96fc-4b7d-ad77-191271a145e0}</UniqueIdentifier>
        </Filter>
        <Filter Include="Header Files\Data.Boolean">
            <UniqueIdentifier>{df5ec02c-45df-4c73-81b2-170307ec529d}</UniqueIdentifier>
        </Filter>
        <Filter Include="Header Files\Data.BooleanAlgebra">
            <UniqueIdentifier>{ca454c19-3c3b-4b00-812d-57320b817b80}</UniqueIdentifier>
        </Filter>
        <Filter Include="Header Files\Data.Bounded">
            <UniqueIdentifier>{34bddd51-96b0-4141-ad89-54bd8afe14a8}</UniqueIdentifier>
        </Filter>
        <Filter Include="Header Files\Data.CommutativeRing">
            <UniqueIdentifier>{a26668f8-f5dd-4d58-ac66-9ec559042635}</UniqueIdentifier>
        </Filter>
        <Filter Include="Header Files\Data.Eq">
            <UniqueIdentifier>{7adf382b-fe64-4163-8765-586b8c33ec46}</UniqueIdentifier>
        </Filter>
        <Filter Include="Header Files\Data.EuclideanRing">
            <UniqueIdentifier>{89ca680b-d8e4-4383-ac24-b8cdff2b56fd}</UniqueIdentifier>
        </Filter>
        <Filter Include="Header Files\Data.Field">
            <UniqueIdentifier>{7ec669b8-b1fd-4dd9-ac44-8b0dd08d8a79}</UniqueIdentifier>
        </Filter>
        <Filter Include="Header Files\Data.Function">
            <UniqueIdentifier>{6d728252-3a50-4e82-bd65-ae49e2f75eda}</UniqueIdentifier>
        </Filter>
        <Filter Include="Header Files\Data.Functor">
            <UniqueIdentifier>{4d704af9-267b-47a2-b927-95a35d0be03f}</UniqueIdentifier>
        </Filter>
        <Filter Include="Header Files\Data.HeytingAlgebra">
            <UniqueIdentifier>{7a5f30cd-af1e-4f56-9d2a-c8392968ceca}</UniqueIdentifier>
        </Filter>
        <Filter Include="Header Files\Data.NaturalTransformation">
            <UniqueIdentifier>{33dff4ed-10dc-4fc0-8b0e-612d76ad1e9a}</UniqueIdentifier>
        </Filter>
        <Filter Include="Header Files\Data.Ord">
            <UniqueIdentifier>{1d8f2c7c-0c51-46fd-8874-8f9e377c77cf}</UniqueIdentifier>
        </Filter>
        <Filter Include="Header Files\Data.Ord.Unsafe">
            <UniqueIdentifier>{bf10c097-6620-4731-befa-16aca273b688}</UniqueIdentifier>
        </Filter>
        <Filter Include="Header Files\Data.Ordering">
            <UniqueIdentifier>{04046e5f-66e8-4679-bc40-cd76b2336ae7}</UniqueIdentifier>
        </Filter>
        <Filter Include="Header Files\Data.Ring">
            <UniqueIdentifier>{bc0746f4-5b49-4ef7-b1e9-1f1ea55c590b}</UniqueIdentifier>
        </Filter>
        <Filter Include="Header Files\Data.Semigroup">
            <UniqueIdentifier>{1abc2f76-13e3-4ec9-b592-8ac27e8ff913}</UniqueIdentifier>
        </Filter>
        <Filter Include="Header Files\Data.Semiring">
            <UniqueIdentifier>{37c26105-6556-4810-80dc-2384846af721}</UniqueIdentifier>
        </Filter>
        <Filter Include="Header Files\Data.Show">
            <UniqueIdentifier>{8eb8e8c1-a841-40ec-b167-1082c18fb354}</UniqueIdentifier>
        </Filter>
        <Filter Include="Header Files\Data.Unit">
            <UniqueIdentifier>{7f4027ca-3947-437e-88d3-0cde849cc1cc}</UniqueIdentifier>
        </Filter>
        <Filter Include="Header Files\Data.Void">
            <UniqueIdentifier>{ccf85340-f904-4de4-acc1-e7b6e0326aa9}</UniqueIdentifier>
        </Filter>
        <Filter Include="Header Files\Debug">
            <UniqueIdentifier>{1f82f443-cc1b-423f-a6cf-042c2af22a0b}</UniqueIdentifier>
        </Filter>
        <Filter Include="Header Files\Debug\YourOwnP.E2BA021F.tlog">
            <UniqueIdentifier>{827d67f3-1b2b-46b0-a49e-d95e7f7a3012}</UniqueIdentifier>
        </Filter>
        <Filter Include="Header Files\Main">
            <UniqueIdentifier>{e5885f70-52d4-4555-b7cf-726e3c6ce0dd}</UniqueIdentifier>
        </Filter>
        <Filter Include="Header Files\obj">
            <UniqueIdentifier>{9c455fda-63b6-4c4f-95ff-ee7a8466548e}</UniqueIdentifier>
        </Filter>
        <Filter Include="Header Files\obj\Win32">
            <UniqueIdentifier>{de524252-4271-4dbf-98d2-00a4be09d744}</UniqueIdentifier>
        </Filter>
        <Filter Include="Header Files\obj\Win32\Debug">
            <UniqueIdentifier>{4751b3f5-67a5-4fc2-bde5-700a13f6691f}</UniqueIdentifier>
        </Filter>
        <Filter Include="Header Files\Prelude">
            <UniqueIdentifier>{56e1b5e6-4ff2-4c7c-a6d9-97cef4cb3e3f}</UniqueIdentifier>
        </Filter>
        <Filter Include="Header Files\PureScript">
            <UniqueIdentifier>{f0a11d45-fbf7-420a-994e-e70e932a3ec3}</UniqueIdentifier>
        </Filter>
        <Filter Include="Source Files">
            <UniqueIdentifier>{dc331330-7056-428d-bee5-60ec65b186cd}</UniqueIdentifier>
        </Filter>
        <Filter Include="Source Files\.vs">
            <UniqueIdentifier>{453694c7-35af-4426-a53b-1c87a702e67b}</UniqueIdentifier>
        </Filter>
        <Filter Include="Source Files\.vs\YourOwnProjectName">
            <UniqueIdentifier>{3b4af32c-d89f-40f3-bdf4-c4fed5bb61f0}</UniqueIdentifier>
        </Filter>
        <Filter Include="Source Files\.vs\YourOwnProjectName\v14">
            <UniqueIdentifier>{320e537f-69c9-4716-9ead-1973347eb148}</UniqueIdentifier>
        </Filter>
        <Filter Include="Source Files\bin">
            <UniqueIdentifier>{81242ede-fdcc-48ad-8107-6d0449e9c0a6}</UniqueIdentifier>
        </Filter>
        <Filter Include="Source Files\Control.Applicative">
            <UniqueIdentifier>{e42ad269-2d48-4bd9-82a3-26d3609d3029}</UniqueIdentifier>
        </Filter>
        <Filter Include="Source Files\Control.Apply">
            <UniqueIdentifier>{fac2df42-94dd-4aba-a51f-41fe073bd3f0}</UniqueIdentifier>
        </Filter>
        <Filter Include="Source Files\Control.Bind">
            <UniqueIdentifier>{c88aca88-552b-4371-8e1b-cda69061341e}</UniqueIdentifier>
        </Filter>
        <Filter Include="Source Files\Control.Category">
            <UniqueIdentifier>{35255d5c-92d2-481c-873a-6cec92b00cd0}</UniqueIdentifier>
        </Filter>
        <Filter Include="Source Files\Control.Monad">
            <UniqueIdentifier>{8c2f34dc-f671-4edc-be18-d6ee68c9ce26}</UniqueIdentifier>
        </Filter>
        <Filter Include="Source Files\Control.Monad.Eff">
            <UniqueIdentifier>{fd4a4229-2cab-41d1-8459-56ceb14a1c42}</UniqueIdentifier>
        </Filter>
        <Filter Include="Source Files\Control.Monad.Eff.Class">
            <UniqueIdentifier>{1c184a63-661c-4f1c-8f9a-4babced44f43}</UniqueIdentifier>
        </Filter>
        <Filter Include="Source Files\Control.Monad.Eff.Console">
            <UniqueIdentifier>{603566aa-d767-48db-b97c-a8a46808f348}</UniqueIdentifier>
        </Filter>
        <Filter Include="Source Files\Control.Monad.Eff.Unsafe">
            <UniqueIdentifier>{a543841e-392b-452f-bf9f-74dbe7844873}</UniqueIdentifier>
        </Filter>
        <Filter Include="Source Files\Control.Semigroupoid">
            <UniqueIdentifier>{aae3e3de-4808-4e39-83a4-4b6efbe9c2e3}</UniqueIdentifier>
        </Filter>
        <Filter Include="Source Files\Data.Boolean">
            <UniqueIdentifier>{94b49b0d-449e-4217-8b28-db7e17d98ab8}</UniqueIdentifier>
        </Filter>
        <Filter Include="Source Files\Data.BooleanAlgebra">
            <UniqueIdentifier>{6a5612c8-738d-42ea-bfcf-682cf1effc11}</UniqueIdentifier>
        </Filter>
        <Filter Include="Source Files\Data.Bounded">
            <UniqueIdentifier>{97688830-9d75-46d3-af36-489704d12711}</UniqueIdentifier>
        </Filter>
        <Filter Include="Source Files\Data.CommutativeRing">
            <UniqueIdentifier>{6b8c8c65-8ef6-47ef-8aff-67de0f1a4fd4}</UniqueIdentifier>
        </Filter>
        <Filter Include="Source Files\Data.Eq">
            <UniqueIdentifier>{9a608487-98b0-4462-a8c7-c523936c6e7d}</UniqueIdentifier>
        </Filter>
        <Filter Include="Source Files\Data.EuclideanRing">
            <UniqueIdentifier>{bb8629b6-0f43-4e49-8231-f3845868af2a}</UniqueIdentifier>
        </Filter>
        <Filter Include="Source Files\Data.Field">
            <UniqueIdentifier>{ca9d0913-cb4e-4bc5-b4dd-9a23e8abf1fd}</UniqueIdentifier>
        </Filter>
        <Filter Include="Source Files\Data.Function">
            <UniqueIdentifier>{a74403bc-a973-46f6-8269-f41e12da4b15}</UniqueIdentifier>
        </Filter>
        <Filter Include="Source Files\Data.Functor">
            <UniqueIdentifier>{951dced1-0a52-4dfd-9076-509769908292}</UniqueIdentifier>
        </Filter>
        <Filter Include="Source Files\Data.HeytingAlgebra">
            <UniqueIdentifier>{bbc77374-5288-42f9-a8a4-92adc36f9494}</UniqueIdentifier>
        </Filter>
        <Filter Include="Source Files\Data.NaturalTransformation">
            <UniqueIdentifier>{a6e1cec4-6ab8-4c08-b893-b17fbb17313b}</UniqueIdentifier>
        </Filter>
        <Filter Include="Source Files\Data.Ord">
            <UniqueIdentifier>{c60d11e2-3f81-434d-91e3-382f2f293ca7}</UniqueIdentifier>
        </Filter>
        <Filter Include="Source Files\Data.Ord.Unsafe">
            <UniqueIdentifier>{ece941ec-4183-46e8-aa34-c5dbc2434ef7}</UniqueIdentifier>
        </Filter>
        <Filter Include="Source Files\Data.Ordering">
            <UniqueIdentifier>{d317b802-e55d-48f8-9b27-8da55b07344d}</UniqueIdentifier>
        </Filter>
        <Filter Include="Source Files\Data.Ring">
            <UniqueIdentifier>{9436a146-23b2-4f9c-a25a-d6aba4136cc8}</UniqueIdentifier>
        </Filter>
        <Filter Include="Source Files\Data.Semigroup">
            <UniqueIdentifier>{2fe67ed7-f91e-44f5-a16e-7c0f8c08ac87}</UniqueIdentifier>
        </Filter>
        <Filter Include="Source Files\Data.Semiring">
            <UniqueIdentifier>{09c7a5d5-e644-4723-9e04-6cefc5875bac}</UniqueIdentifier>
        </Filter>
        <Filter Include="Source Files\Data.Show">
            <UniqueIdentifier>{6978bf60-6fc3-4846-81b9-2c6d472e1656}</UniqueIdentifier>
        </Filter>
        <Filter Include="Source Files\Data.Unit">
            <UniqueIdentifier>{fa9a4899-9e3b-4e7f-9a30-51a8cb9e2ca5}</UniqueIdentifier>
        </Filter>
        <Filter Include="Source Files\Data.Void">
            <UniqueIdentifier>{4ccf129e-7e4c-43ec-9909-07bf517822b9}</UniqueIdentifier>
        </Filter>
        <Filter Include="Source Files\Debug">
            <UniqueIdentifier>{53b3c28f-a096-46ae-93e1-8dd39b5a30b2}</UniqueIdentifier>
        </Filter>
        <Filter Include="Source Files\Debug\YourOwnP.E2BA021F.tlog">
            <UniqueIdentifier>{e6e8518f-99b9-48e6-845c-b705afe6c2af}</UniqueIdentifier>
        </Filter>
        <Filter Include="Source Files\Main">
            <UniqueIdentifier>{42108cbb-8255-40b2-8817-6a7459baf8d1}</UniqueIdentifier>
        </Filter>
        <Filter Include="Source Files\obj">
            <UniqueIdentifier>{84c79534-770a-4834-a0b3-233fa778273a}</UniqueIdentifier>
        </Filter>
        <Filter Include="Source Files\obj\Win32">
            <UniqueIdentifier>{32b0601a-1878-4d89-b3d0-70886bbe5607}</UniqueIdentifier>
        </Filter>
        <Filter Include="Source Files\obj\Win32\Debug">
            <UniqueIdentifier>{b369368d-0b3f-42d4-8b0f-756dbd2dc158}</UniqueIdentifier>
        </Filter>
        <Filter Include="Source Files\Prelude">
            <UniqueIdentifier>{d29435ad-77ff-4e35-940d-69107666594f}</UniqueIdentifier>
        </Filter>
        <Filter Include="Source Files\PureScript">
            <UniqueIdentifier>{3fd0ce99-8b57-49ca-a06e-1690b607420b}</UniqueIdentifier>
        </Filter>
    </ItemGroup>
    <ItemGroup>
        <ClInclude Include=".\Control.Applicative\Applicative.hh">
            <Filter>Header Files\Control.Applicative</Filter>
        </ClInclude>
        <ClInclude Include=".\Control.Apply\Apply.hh">
            <Filter>Header Files\Control.Apply</Filter>
        </ClInclude>
        <ClInclude Include=".\Control.Apply\Apply_ffi.hh">
            <Filter>Header Files\Control.Apply</Filter>
        </ClInclude>
        <ClInclude Include=".\Control.Bind\Bind.hh">
            <Filter>Header Files\Control.Bind</Filter>
        </ClInclude>
        <ClInclude Include=".\Control.Bind\Bind_ffi.hh">
            <Filter>Header Files\Control.Bind</Filter>
        </ClInclude>
        <ClInclude Include=".\Control.Category\Category.hh">
            <Filter>Header Files\Control.Category</Filter>
        </ClInclude>
        <ClInclude Include=".\Control.Monad\Monad.hh">
            <Filter>Header Files\Control.Monad</Filter>
        </ClInclude>
        <ClInclude Include=".\Control.Monad.Eff\Eff.hh">
            <Filter>Header Files\Control.Monad.Eff</Filter>
        </ClInclude>
        <ClInclude Include=".\Control.Monad.Eff\Eff_ffi.hh">
            <Filter>Header Files\Control.Monad.Eff</Filter>
        </ClInclude>
        <ClInclude Include=".\Control.Monad.Eff.Class\Class.hh">
            <Filter>Header Files\Control.Monad.Eff.Class</Filter>
        </ClInclude>
        <ClInclude Include=".\Control.Monad.Eff.Console\Console.hh">
            <Filter>Header Files\Control.Monad.Eff.Console</Filter>
        </ClInclude>
        <ClInclude Include=".\Control.Monad.Eff.Console\Console_ffi.hh">
            <Filter>Header Files\Control.Monad.Eff.Console</Filter>
        </ClInclude>
        <ClInclude Include=".\Control.Monad.Eff.Unsafe\Unsafe.hh">
            <Filter>Header Files\Control.Monad.Eff.Unsafe</Filter>
        </ClInclude>
        <ClInclude Include=".\Control.Monad.Eff.Unsafe\Unsafe_ffi.hh">
            <Filter>Header Files\Control.Monad.Eff.Unsafe</Filter>
        </ClInclude>
        <ClInclude Include=".\Control.Semigroupoid\Semigroupoid.hh">
            <Filter>Header Files\Control.Semigroupoid</Filter>
        </ClInclude>
        <ClInclude Include=".\Data.Boolean\Boolean.hh">
            <Filter>Header Files\Data.Boolean</Filter>
        </ClInclude>
        <ClInclude Include=".\Data.BooleanAlgebra\BooleanAlgebra.hh">
            <Filter>Header Files\Data.BooleanAlgebra</Filter>
        </ClInclude>
        <ClInclude Include=".\Data.Bounded\Bounded.hh">
            <Filter>Header Files\Data.Bounded</Filter>
        </ClInclude>
        <ClInclude Include=".\Data.Bounded\Bounded_ffi.hh">
            <Filter>Header Files\Data.Bounded</Filter>
        </ClInclude>
        <ClInclude Include=".\Data.CommutativeRing\CommutativeRing.hh">
            <Filter>Header Files\Data.CommutativeRing</Filter>
        </ClInclude>
        <ClInclude Include=".\Data.Eq\Eq.hh">
            <Filter>Header Files\Data.Eq</Filter>
        </ClInclude>
        <ClInclude Include=".\Data.Eq\Eq_ffi.hh">
            <Filter>Header Files\Data.Eq</Filter>
        </ClInclude>
        <ClInclude Include=".\Data.EuclideanRing\EuclideanRing.hh">
            <Filter>Header Files\Data.EuclideanRing</Filter>
        </ClInclude>
        <ClInclude Include=".\Data.EuclideanRing\EuclideanRing_ffi.hh">
            <Filter>Header Files\Data.EuclideanRing</Filter>
        </ClInclude>
        <ClInclude Include=".\Data.Field\Field.hh">
            <Filter>Header Files\Data.Field</Filter>
        </ClInclude>
        <ClInclude Include=".\Data.Function\Function.hh">
            <Filter>Header Files\Data.Function</Filter>
        </ClInclude>
        <ClInclude Include=".\Data.Functor\Functor.hh">
            <Filter>Header Files\Data.Functor</Filter>
        </ClInclude>
        <ClInclude Include=".\Data.Functor\Functor_ffi.hh">
            <Filter>Header Files\Data.Functor</Filter>
        </ClInclude>
        <ClInclude Include=".\Data.HeytingAlgebra\HeytingAlgebra.hh">
            <Filter>Header Files\Data.HeytingAlgebra</Filter>
        </ClInclude>
        <ClInclude Include=".\Data.HeytingAlgebra\HeytingAlgebra_ffi.hh">
            <Filter>Header Files\Data.HeytingAlgebra</Filter>
        </ClInclude>
        <ClInclude Include=".\Data.NaturalTransformation\NaturalTransformation.hh">
            <Filter>Header Files\Data.NaturalTransformation</Filter>
        </ClInclude>
        <ClInclude Include=".\Data.Ord\Ord.hh">
            <Filter>Header Files\Data.Ord</Filter>
        </ClInclude>
        <ClInclude Include=".\Data.Ord\Ord_ffi.hh">
            <Filter>Header Files\Data.Ord</Filter>
        </ClInclude>
        <ClInclude Include=".\Data.Ord.Unsafe\Unsafe.hh">
            <Filter>Header Files\Data.Ord.Unsafe</Filter>
        </ClInclude>
        <ClInclude Include=".\Data.Ord.Unsafe\Unsafe_ffi.hh">
            <Filter>Header Files\Data.Ord.Unsafe</Filter>
        </ClInclude>
        <ClInclude Include=".\Data.Ordering\Ordering.hh">
            <Filter>Header Files\Data.Ordering</Filter>
        </ClInclude>
        <ClInclude Include=".\Data.Ring\Ring.hh">
            <Filter>Header Files\Data.Ring</Filter>
        </ClInclude>
        <ClInclude Include=".\Data.Ring\Ring_ffi.hh">
            <Filter>Header Files\Data.Ring</Filter>
        </ClInclude>
        <ClInclude Include=".\Data.Semigroup\Semigroup.hh">
            <Filter>Header Files\Data.Semigroup</Filter>
        </ClInclude>
        <ClInclude Include=".\Data.Semigroup\Semigroup_ffi.hh">
            <Filter>Header Files\Data.Semigroup</Filter>
        </ClInclude>
        <ClInclude Include=".\Data.Semiring\Semiring.hh">
            <Filter>Header Files\Data.Semiring</Filter>
        </ClInclude>
        <ClInclude Include=".\Data.Semiring\Semiring_ffi.hh">
            <Filter>Header Files\Data.Semiring</Filter>
        </ClInclude>
        <ClInclude Include=".\Data.Show\Show.hh">
            <Filter>Header Files\Data.Show</Filter>
        </ClInclude>
        <ClInclude Include=".\Data.Show\Show_ffi.hh">
            <Filter>Header Files\Data.Show</Filter>
        </ClInclude>
        <ClInclude Include=".\Data.Unit\Unit.hh">
            <Filter>Header Files\Data.Unit</Filter>
        </ClInclude>
        <ClInclude Include=".\Data.Unit\Unit_ffi.hh">
            <Filter>Header Files\Data.Unit</Filter>
        </ClInclude>
        <ClInclude Include=".\Data.Void\Void.hh">
            <Filter>Header Files\Data.Void</Filter>
        </ClInclude>
        <ClInclude Include=".\Main\Main.hh">
            <Filter>Header Files\Main</Filter>
        </ClInclude>
        <ClInclude Include=".\Prelude\Prelude.hh">
            <Filter>Header Files\Prelude</Filter>
        </ClInclude>
        <ClInclude Include=".\Prelude\Prelude_ffi.hh">
            <Filter>Header Files\Prelude</Filter>
        </ClInclude>
        <ClInclude Include=".\PureScript\PureScript.hh">
            <Filter>Header Files\PureScript</Filter>
        </ClInclude>
        <ClInclude Include=".\PureScript\purescript_memory.hh">
            <Filter>Header Files\PureScript</Filter>
        </ClInclude>
    </ItemGroup>
    <ItemGroup>
        <ClCompile Include=".\Control.Applicative\Applicative.cc">
            <Filter>Source Files\Control.Applicative</Filter>
        </ClCompile>
        <ClCompile Include=".\Control.Apply\Apply.cc">
            <Filter>Source Files\Control.Apply</Filter>
        </ClCompile>
        <ClCompile Include=".\Control.Apply\Apply_ffi.cc">
            <Filter>Source Files\Control.Apply</Filter>
        </ClCompile>
        <ClCompile Include=".\Control.Bind\Bind.cc">
            <Filter>Source Files\Control.Bind</Filter>
        </ClCompile>
        <ClCompile Include=".\Control.Bind\Bind_ffi.cc">
            <Filter>Source Files\Control.Bind</Filter>
        </ClCompile>
        <ClCompile Include=".\Control.Category\Category.cc">
            <Filter>Source Files\Control.Category</Filter>
        </ClCompile>
        <ClCompile Include=".\Control.Monad\Monad.cc">
            <Filter>Source Files\Control.Monad</Filter>
        </ClCompile>
        <ClCompile Include=".\Control.Monad.Eff\Eff.cc">
            <Filter>Source Files\Control.Monad.Eff</Filter>
        </ClCompile>
        <ClCompile Include=".\Control.Monad.Eff.Class\Class.cc">
            <Filter>Source Files\Control.Monad.Eff.Class</Filter>
        </ClCompile>
        <ClCompile Include=".\Control.Monad.Eff.Console\Console.cc">
            <Filter>Source Files\Control.Monad.Eff.Console</Filter>
        </ClCompile>
        <ClCompile Include=".\Control.Monad.Eff.Unsafe\Unsafe.cc">
            <Filter>Source Files\Control.Monad.Eff.Unsafe</Filter>
        </ClCompile>
        <ClCompile Include=".\Control.Semigroupoid\Semigroupoid.cc">
            <Filter>Source Files\Control.Semigroupoid</Filter>
        </ClCompile>
        <ClCompile Include=".\Data.Boolean\Boolean.cc">
            <Filter>Source Files\Data.Boolean</Filter>
        </ClCompile>
        <ClCompile Include=".\Data.BooleanAlgebra\BooleanAlgebra.cc">
            <Filter>Source Files\Data.BooleanAlgebra</Filter>
        </ClCompile>
        <ClCompile Include=".\Data.Bounded\Bounded.cc">
            <Filter>Source Files\Data.Bounded</Filter>
        </ClCompile>
        <ClCompile Include=".\Data.Bounded\Bounded_ffi.cc">
            <Filter>Source Files\Data.Bounded</Filter>
        </ClCompile>
        <ClCompile Include=".\Data.CommutativeRing\CommutativeRing.cc">
            <Filter>Source Files\Data.CommutativeRing</Filter>
        </ClCompile>
        <ClCompile Include=".\Data.Eq\Eq.cc">
            <Filter>Source Files\Data.Eq</Filter>
        </ClCompile>
        <ClCompile Include=".\Data.Eq\Eq_ffi.cc">
            <Filter>Source Files\Data.Eq</Filter>
        </ClCompile>
        <ClCompile Include=".\Data.EuclideanRing\EuclideanRing.cc">
            <Filter>Source Files\Data.EuclideanRing</Filter>
        </ClCompile>
        <ClCompile Include=".\Data.Field\Field.cc">
            <Filter>Source Files\Data.Field</Filter>
        </ClCompile>
        <ClCompile Include=".\Data.Function\Function.cc">
            <Filter>Source Files\Data.Function</Filter>
        </ClCompile>
        <ClCompile Include=".\Data.Functor\Functor.cc">
            <Filter>Source Files\Data.Functor</Filter>
        </ClCompile>
        <ClCompile Include=".\Data.Functor\Functor_ffi.cc">
            <Filter>Source Files\Data.Functor</Filter>
        </ClCompile>
        <ClCompile Include=".\Data.HeytingAlgebra\HeytingAlgebra.cc">
            <Filter>Source Files\Data.HeytingAlgebra</Filter>
        </ClCompile>
        <ClCompile Include=".\Data.NaturalTransformation\NaturalTransformation.cc">
            <Filter>Source Files\Data.NaturalTransformation</Filter>
        </ClCompile>
        <ClCompile Include=".\Data.Ord\Ord.cc">
            <Filter>Source Files\Data.Ord</Filter>
        </ClCompile>
        <ClCompile Include=".\Data.Ord\Ord_ffi.cc">
            <Filter>Source Files\Data.Ord</Filter>
        </ClCompile>
        <ClCompile Include=".\Data.Ord.Unsafe\Unsafe.cc">
            <Filter>Source Files\Data.Ord.Unsafe</Filter>
        </ClCompile>
        <ClCompile Include=".\Data.Ordering\Ordering.cc">
            <Filter>Source Files\Data.Ordering</Filter>
        </ClCompile>
        <ClCompile Include=".\Data.Ring\Ring.cc">
            <Filter>Source Files\Data.Ring</Filter>
        </ClCompile>
        <ClCompile Include=".\Data.Semigroup\Semigroup.cc">
            <Filter>Source Files\Data.Semigroup</Filter>
        </ClCompile>
        <ClCompile Include=".\Data.Semiring\Semiring.cc">
            <Filter>Source Files\Data.Semiring</Filter>
        </ClCompile>
        <ClCompile Include=".\Data.Show\Show.cc">
            <Filter>Source Files\Data.Show</Filter>
        </ClCompile>
        <ClCompile Include=".\Data.Show\Show_ffi.cc">
            <Filter>Source Files\Data.Show</Filter>
        </ClCompile>
        <ClCompile Include=".\Data.Unit\Unit.cc">
            <Filter>Source Files\Data.Unit</Filter>
        </ClCompile>
        <ClCompile Include=".\Data.Void\Void.cc">
            <Filter>Source Files\Data.Void</Filter>
        </ClCompile>
        <ClCompile Include=".\Main\Main.cc">
            <Filter>Source Files\Main</Filter>
        </ClCompile>
        <ClCompile Include=".\Prelude\Prelude.cc">
            <Filter>Source Files\Prelude</Filter>
        </ClCompile>
        <ClCompile Include=".\PureScript\PureScript.cc">
            <Filter>Source Files\PureScript</Filter>
        </ClCompile>
    </ItemGroup>

</Project>